# This file is automatically @generated by Cargo.
# It is not intended for manual editing.
version = 3

[[package]]
name = "ahash"
version = "0.8.12"
source = "registry+https://github.com/rust-lang/crates.io-index"
checksum = "5a15f179cd60c4584b8a8c596927aadc462e27f2ca70c04e0071964a73ba7a75"
dependencies = [
 "cfg-if",
 "once_cell",
 "version_check",
 "zerocopy",
]

[[package]]
name = "allocator-api2"
version = "0.2.21"
source = "registry+https://github.com/rust-lang/crates.io-index"
checksum = "683d7910e743518b0e34f1186f92494becacb047c7b6bf616c96772180fef923"

[[package]]
name = "arraydeque"
version = "0.5.1"
source = "registry+https://github.com/rust-lang/crates.io-index"
checksum = "7d902e3d592a523def97af8f317b08ce16b7ab854c1985a0c671e6f15cebc236"

[[package]]
name = "arrayvec"
version = "0.7.6"
source = "registry+https://github.com/rust-lang/crates.io-index"
checksum = "7c02d123df017efcdfbd739ef81735b36c5ba83ec3c59c80a9d7ecc718f92e50"

[[package]]
name = "assert-unchecked"
version = "0.1.2"
source = "registry+https://github.com/rust-lang/crates.io-index"
checksum = "7330592adf847ee2e3513587b4db2db410a0d751378654e7e993d9adcbe5c795"

[[package]]
name = "async-lock"
version = "3.4.2"
source = "registry+https://github.com/rust-lang/crates.io-index"
checksum = "290f7f2596bd5b78a9fec8088ccd89180d7f9f55b94b0576823bbbdc72ee8311"
dependencies = [
 "event-listener",
 "event-listener-strategy",
 "pin-project-lite",
]

[[package]]
name = "autocfg"
version = "1.5.0"
source = "registry+https://github.com/rust-lang/crates.io-index"
checksum = "c08606f8c3cbf4ce6ec8e28fb0014a2c086708fe954eaa885384a6165172e7e8"

[[package]]
name = "bitflags"
version = "2.11.1"
source = "registry+https://github.com/rust-lang/crates.io-index"
checksum = "c4512299f36f043ab09a583e57bceb5a5aab7a73db1805848e8fef3c9e8c78b3"

[[package]]
name = "bumpalo"
version = "3.20.2"
source = "registry+https://github.com/rust-lang/crates.io-index"
checksum = "5d20789868f4b01b2f2caec9f5c4e0213b41e3e5702a50157d699ae31ced2fcb"
dependencies = [
 "allocator-api2",
]

[[package]]
name = "castaway"
version = "0.2.4"
source = "registry+https://github.com/rust-lang/crates.io-index"
checksum = "dec551ab6e7578819132c713a93c022a05d60159dc86e7a7050223577484c55a"
dependencies = [
 "rustversion",
]

[[package]]
name = "cc"
version = "1.2.61"
source = "registry+https://github.com/rust-lang/crates.io-index"
checksum = "d16d90359e986641506914ba71350897565610e87ce0ad9e6f28569db3dd5c6d"
dependencies = [
 "find-msvc-tools",
 "shlex",
]

[[package]]
name = "cfg-if"
version = "1.0.4"
source = "registry+https://github.com/rust-lang/crates.io-index"
checksum = "9330f8b2ff13f34540b44e946ef35111825727b38d33286ef986142615121801"

[[package]]
name = "compact_str"
version = "0.8.1"
source = "registry+https://github.com/rust-lang/crates.io-index"
checksum = "3b79c4069c6cad78e2e0cdfcbd26275770669fb39fd308a752dc110e83b9af32"
dependencies = [
 "castaway",
 "cfg-if",
 "itoa",
 "rustversion",
 "ryu",
 "static_assertions",
]

[[package]]
name = "concurrent-queue"
version = "2.5.0"
source = "registry+https://github.com/rust-lang/crates.io-index"
checksum = "4ca0197aee26d1ae37445ee532fefce43251d24cc7c166799f4d46817f1d3973"
dependencies = [
 "crossbeam-utils",
]

[[package]]
name = "copy_from_str"
version = "1.0.6"
source = "registry+https://github.com/rust-lang/crates.io-index"
checksum = "8aa7e06968e9b7227285969ca783dec693823f141023c74e0cf45c82fa06ef40"

[[package]]
name = "cow-utils"
version = "0.1.3"
source = "registry+https://github.com/rust-lang/crates.io-index"
checksum = "417bef24afe1460300965a25ff4a24b8b45ad011948302ec221e8a0a81eb2c79"

[[package]]
name = "crossbeam-utils"
version = "0.8.21"
source = "registry+https://github.com/rust-lang/crates.io-index"
checksum = "d0a5c400df2834b80a4c3327b3aad3a4c4cd4de0629063962b03235697506a28"

[[package]]
name = "dashmap"
version = "6.1.0"
source = "registry+https://github.com/rust-lang/crates.io-index"
checksum = "5041cc499144891f3790297212f32a74fb938e5136a14943f338ef9e0ae276cf"
dependencies = [
 "cfg-if",
 "crossbeam-utils",
 "hashbrown 0.14.5",
 "lock_api",
 "once_cell",
 "parking_lot_core",
]

[[package]]
name = "derive-where"
version = "1.6.1"
source = "registry+https://github.com/rust-lang/crates.io-index"
checksum = "d08b3a0bcc0d079199cd476b2cae8435016ec11d1c0986c6901c5ac223041534"
dependencies = [
 "proc-macro2",
 "quote",
 "syn",
]

[[package]]
name = "derive_more"
version = "2.1.1"
source = "registry+https://github.com/rust-lang/crates.io-index"
checksum = "d751e9e49156b02b44f9c1815bcb94b984cdcc4396ecc32521c739452808b134"
dependencies = [
 "derive_more-impl",
]

[[package]]
name = "derive_more-impl"
version = "2.1.1"
source = "registry+https://github.com/rust-lang/crates.io-index"
checksum = "799a97264921d8623a957f6c3b9011f3b5492f557bbb7a5a19b7fa6d06ba8dcb"
dependencies = [
 "proc-macro2",
 "quote",
 "rustc_version",
 "syn",
]

[[package]]
name = "equivalent"
version = "1.0.2"
source = "registry+https://github.com/rust-lang/crates.io-index"
checksum = "877a4ace8713b0bcf2a4e7eec82529c029f1d0619886d18145fea96c3ffe5c0f"

[[package]]
name = "event-listener"
version = "5.4.1"
source = "registry+https://github.com/rust-lang/crates.io-index"
checksum = "e13b66accf52311f30a0db42147dadea9850cb48cd070028831ae5f5d4b856ab"
dependencies = [
 "concurrent-queue",
 "pin-project-lite",
]

[[package]]
name = "event-listener-strategy"
version = "0.5.4"
source = "registry+https://github.com/rust-lang/crates.io-index"
checksum = "8be9f3dfaaffdae2972880079a491a1a8bb7cbed0b8dd7a347f668b4150a3b93"
dependencies = [
 "event-listener",
 "pin-project-lite",
]

[[package]]
name = "find-msvc-tools"
version = "0.1.9"
source = "registry+https://github.com/rust-lang/crates.io-index"
checksum = "5baebc0774151f905a1a2cc41989300b1e6fbb29aff0ceffa1064fdd3088d582"

[[package]]
name = "foldhash"
version = "0.2.0"
source = "registry+https://github.com/rust-lang/crates.io-index"
checksum = "77ce24cb58228fbb8aa041425bb1050850ac19177686ea6e0f41a70416f56fdb"

[[package]]
name = "ghost-cell"
version = "0.2.6"
source = "registry+https://github.com/rust-lang/crates.io-index"
checksum = "d8449d342b1c67f49169e92e71deb7b9b27f30062301a16dbc27a4cc8d2351b7"

[[package]]
name = "hashbrown"
version = "0.14.5"
source = "registry+https://github.com/rust-lang/crates.io-index"
checksum = "e5274423e17b7c9fc20b6e7e208532f9b19825d82dfd615708b70edd83df41f1"
dependencies = [
 "ahash",
 "allocator-api2",
]

[[package]]
name = "hashbrown"
version = "0.16.1"
source = "registry+https://github.com/rust-lang/crates.io-index"
checksum = "841d1cc9bed7f9236f321df977030373f4a4163ae1a7dbfe1a51a2c1a51d9100"
dependencies = [
 "allocator-api2",
 "equivalent",
 "foldhash",
]

[[package]]
name = "heck"
version = "0.5.0"
source = "registry+https://github.com/rust-lang/crates.io-index"
checksum = "2304e00983f87ffb38b55b444b5e3b60a884b5d30c0fca7d82fe33449bbe55ea"

[[package]]
name = "itoa"
version = "1.0.18"
source = "registry+https://github.com/rust-lang/crates.io-index"
checksum = "8f42a60cbdf9a97f5d2305f08a87dc4e09308d1276d28c869c684d7777685682"

[[package]]
name = "libc"
version = "0.2.186"
source = "registry+https://github.com/rust-lang/crates.io-index"
checksum = "68ab91017fe16c622486840e4c83c9a37afeff978bd239b5293d61ece587de66"

[[package]]
name = "lock_api"
version = "0.4.14"
source = "registry+https://github.com/rust-lang/crates.io-index"
checksum = "224399e74b87b5f3557511d98dff8b14089b3dadafcab6bb93eab67d3aace965"
dependencies = [
 "scopeguard",
]

[[package]]
name = "memchr"
version = "2.8.0"
source = "registry+https://github.com/rust-lang/crates.io-index"
checksum = "f8ca58f447f06ed17d5fc4043ce1b10dd205e060fb3ce5b979b8ed8e59ff3f79"

[[package]]
name = "miette"
version = "7.6.0"
source = "registry+https://github.com/rust-lang/crates.io-index"
checksum = "5f98efec8807c63c752b5bd61f862c165c115b0a35685bdcfd9238c7aeb592b7"
dependencies = [
 "cfg-if",
 "miette-derive",
 "owo-colors",
 "textwrap",
 "unicode-width 0.1.14",
]

[[package]]
name = "miette-derive"
version = "7.6.0"
source = "registry+https://github.com/rust-lang/crates.io-index"
checksum = "db5b29714e950dbb20d5e6f74f9dcec4edbcc1067bb7f8ed198c097b8c1a818b"
dependencies = [
 "proc-macro2",
 "quote",
 "syn",
]

[[package]]
name = "nonmax"
version = "0.5.5"
source = "registry+https://github.com/rust-lang/crates.io-index"
checksum = "610a5acd306ec67f907abe5567859a3c693fb9886eb1f012ab8f2a47bef3db51"

[[package]]
name = "num-bigint"
version = "0.4.6"
source = "registry+https://github.com/rust-lang/crates.io-index"
checksum = "a5e44f723f1133c9deac646763579fdb3ac745e418f2a7af9cd0c431da1f20b9"
dependencies = [
 "num-integer",
 "num-traits",
]

[[package]]
name = "num-integer"
version = "0.1.46"
source = "registry+https://github.com/rust-lang/crates.io-index"
checksum = "7969661fd2958a5cb096e56c8e1ad0444ac2bbcd0061bd28660485a44879858f"
dependencies = [
 "num-traits",
]

[[package]]
name = "num-traits"
version = "0.2.19"
source = "registry+https://github.com/rust-lang/crates.io-index"
checksum = "071dfc062690e90b734c0b2273ce72ad0ffa95f0c74596bc250dcfd960262841"
dependencies = [
 "autocfg",
]

[[package]]
name = "once_cell"
version = "1.21.4"
source = "registry+https://github.com/rust-lang/crates.io-index"
checksum = "9f7c3e4beb33f85d45ae3e3a1792185706c8e16d043238c593331cc7cd313b50"

[[package]]
name = "owo-colors"
version = "4.3.0"
source = "registry+https://github.com/rust-lang/crates.io-index"
checksum = "d211803b9b6b570f68772237e415a029d5a50c65d382910b879fb19d3271f94d"

[[package]]
name = "oxc_allocator"
version = "0.31.0"
source = "git+https://github.com/branchseer/oxc?branch=ast_alloc#7a44876d040c23c0fe4ea0e7730d9ecd6b3658a5"
dependencies = [
 "allocator-api2",
 "bumpalo",
]

[[package]]
name = "oxc_allocator"
version = "0.31.0"
source = "git+https://github.com/branchseer/oxc?rev=7a44876d040c23c0fe4ea0e7730d9ecd6b3658a5#7a44876d040c23c0fe4ea0e7730d9ecd6b3658a5"
dependencies = [
 "allocator-api2",
 "bumpalo",
]

[[package]]
name = "oxc_ast"
version = "0.31.0"
source = "git+https://github.com/branchseer/oxc?branch=ast_alloc#7a44876d040c23c0fe4ea0e7730d9ecd6b3658a5"
dependencies = [
 "bitflags",
 "derive-where",
 "num-bigint",
 "oxc_allocator 0.31.0 (git+https://github.com/branchseer/oxc?branch=ast_alloc)",
 "oxc_ast_macros 0.31.0 (git+https://github.com/branchseer/oxc?branch=ast_alloc)",
 "oxc_regular_expression 0.31.0 (git+https://github.com/branchseer/oxc?branch=ast_alloc)",
 "oxc_span 0.31.0 (git+https://github.com/branchseer/oxc?branch=ast_alloc)",
 "oxc_syntax 0.31.0 (git+https://github.com/branchseer/oxc?branch=ast_alloc)",
]

[[package]]
name = "oxc_ast"
version = "0.31.0"
source = "git+https://github.com/branchseer/oxc?rev=7a44876d040c23c0fe4ea0e7730d9ecd6b3658a5#7a44876d040c23c0fe4ea0e7730d9ecd6b3658a5"
dependencies = [
 "bitflags",
 "derive-where",
 "num-bigint",
 "oxc_allocator 0.31.0 (git+https://github.com/branchseer/oxc?rev=7a44876d040c23c0fe4ea0e7730d9ecd6b3658a5)",
 "oxc_ast_macros 0.31.0 (git+https://github.com/branchseer/oxc?rev=7a44876d040c23c0fe4ea0e7730d9ecd6b3658a5)",
 "oxc_regular_expression 0.31.0 (git+https://github.com/branchseer/oxc?rev=7a44876d040c23c0fe4ea0e7730d9ecd6b3658a5)",
 "oxc_span 0.31.0 (git+https://github.com/branchseer/oxc?rev=7a44876d040c23c0fe4ea0e7730d9ecd6b3658a5)",
 "oxc_syntax 0.31.0 (git+https://github.com/branchseer/oxc?rev=7a44876d040c23c0fe4ea0e7730d9ecd6b3658a5)",
]

[[package]]
name = "oxc_ast_macros"
version = "0.31.0"
source = "git+https://github.com/branchseer/oxc?branch=ast_alloc#7a44876d040c23c0fe4ea0e7730d9ecd6b3658a5"
dependencies = [
 "proc-macro2",
 "quote",
 "syn",
]

[[package]]
name = "oxc_ast_macros"
version = "0.31.0"
source = "git+https://github.com/branchseer/oxc?rev=7a44876d040c23c0fe4ea0e7730d9ecd6b3658a5#7a44876d040c23c0fe4ea0e7730d9ecd6b3658a5"
dependencies = [
 "proc-macro2",
 "quote",
 "syn",
]

[[package]]
name = "oxc_data_structures"
version = "0.45.0"
source = "registry+https://github.com/rust-lang/crates.io-index"
checksum = "e6e5733140ed9d97c9829e02b8a09c89c7c31a019905c123aa9405373b5b3515"
dependencies = [
 "assert-unchecked",
 "ropey",
]

[[package]]
name = "oxc_diagnostics"
version = "0.31.0"
source = "git+https://github.com/branchseer/oxc?branch=ast_alloc#7a44876d040c23c0fe4ea0e7730d9ecd6b3658a5"
dependencies = [
 "miette",
 "owo-colors",
 "rustc-hash",
 "textwrap",
 "unicode-width 0.2.2",
]

[[package]]
name = "oxc_diagnostics"
version = "0.31.0"
source = "git+https://github.com/branchseer/oxc?rev=7a44876d040c23c0fe4ea0e7730d9ecd6b3658a5#7a44876d040c23c0fe4ea0e7730d9ecd6b3658a5"
dependencies = [
 "miette",
 "owo-colors",
 "rustc-hash",
 "textwrap",
 "unicode-width 0.2.2",
]

[[package]]
name = "oxc_ecmascript"
version = "0.31.0"
source = "git+https://github.com/branchseer/oxc?branch=ast_alloc#7a44876d040c23c0fe4ea0e7730d9ecd6b3658a5"
dependencies = [
 "num-bigint",
 "num-traits",
 "oxc_ast 0.31.0 (git+https://github.com/branchseer/oxc?branch=ast_alloc)",
 "oxc_span 0.31.0 (git+https://github.com/branchseer/oxc?branch=ast_alloc)",
 "oxc_syntax 0.31.0 (git+https://github.com/branchseer/oxc?branch=ast_alloc)",
]

[[package]]
name = "oxc_ecmascript"
version = "0.31.0"
source = "git+https://github.com/branchseer/oxc?rev=7a44876d040c23c0fe4ea0e7730d9ecd6b3658a5#7a44876d040c23c0fe4ea0e7730d9ecd6b3658a5"
dependencies = [
 "num-bigint",
 "num-traits",
 "oxc_ast 0.31.0 (git+https://github.com/branchseer/oxc?rev=7a44876d040c23c0fe4ea0e7730d9ecd6b3658a5)",
 "oxc_span 0.31.0 (git+https://github.com/branchseer/oxc?rev=7a44876d040c23c0fe4ea0e7730d9ecd6b3658a5)",
 "oxc_syntax 0.31.0 (git+https://github.com/branchseer/oxc?rev=7a44876d040c23c0fe4ea0e7730d9ecd6b3658a5)",
]

[[package]]
name = "oxc_index"
version = "0.31.0"
source = "git+https://github.com/branchseer/oxc?branch=ast_alloc#7a44876d040c23c0fe4ea0e7730d9ecd6b3658a5"

[[package]]
name = "oxc_index"
version = "0.31.0"
source = "git+https://github.com/branchseer/oxc?rev=7a44876d040c23c0fe4ea0e7730d9ecd6b3658a5#7a44876d040c23c0fe4ea0e7730d9ecd6b3658a5"

[[package]]
name = "oxc_parser"
version = "0.31.0"
source = "git+https://github.com/branchseer/oxc?branch=ast_alloc#7a44876d040c23c0fe4ea0e7730d9ecd6b3658a5"
dependencies = [
 "assert-unchecked",
 "bitflags",
 "cfg-if",
 "cow-utils",
 "derive-where",
 "memchr",
 "num-bigint",
 "num-traits",
 "oxc_allocator 0.31.0 (git+https://github.com/branchseer/oxc?branch=ast_alloc)",
 "oxc_ast 0.31.0 (git+https://github.com/branchseer/oxc?branch=ast_alloc)",
 "oxc_diagnostics 0.31.0 (git+https://github.com/branchseer/oxc?branch=ast_alloc)",
 "oxc_ecmascript 0.31.0 (git+https://github.com/branchseer/oxc?branch=ast_alloc)",
 "oxc_regular_expression 0.31.0 (git+https://github.com/branchseer/oxc?branch=ast_alloc)",
 "oxc_span 0.31.0 (git+https://github.com/branchseer/oxc?branch=ast_alloc)",
 "oxc_syntax 0.31.0 (git+https://github.com/branchseer/oxc?branch=ast_alloc)",
 "rustc-hash",
 "seq-macro",
]

[[package]]
name = "oxc_parser"
version = "0.31.0"
source = "git+https://github.com/branchseer/oxc?rev=7a44876d040c23c0fe4ea0e7730d9ecd6b3658a5#7a44876d040c23c0fe4ea0e7730d9ecd6b3658a5"
dependencies = [
 "assert-unchecked",
 "bitflags",
 "cfg-if",
 "cow-utils",
 "derive-where",
 "memchr",
 "num-bigint",
 "num-traits",
 "oxc_allocator 0.31.0 (git+https://github.com/branchseer/oxc?rev=7a44876d040c23c0fe4ea0e7730d9ecd6b3658a5)",
 "oxc_ast 0.31.0 (git+https://github.com/branchseer/oxc?rev=7a44876d040c23c0fe4ea0e7730d9ecd6b3658a5)",
 "oxc_diagnostics 0.31.0 (git+https://github.com/branchseer/oxc?rev=7a44876d040c23c0fe4ea0e7730d9ecd6b3658a5)",
 "oxc_ecmascript 0.31.0 (git+https://github.com/branchseer/oxc?rev=7a44876d040c23c0fe4ea0e7730d9ecd6b3658a5)",
 "oxc_regular_expression 0.31.0 (git+https://github.com/branchseer/oxc?rev=7a44876d040c23c0fe4ea0e7730d9ecd6b3658a5)",
 "oxc_span 0.31.0 (git+https://github.com/branchseer/oxc?rev=7a44876d040c23c0fe4ea0e7730d9ecd6b3658a5)",
 "oxc_syntax 0.31.0 (git+https://github.com/branchseer/oxc?rev=7a44876d040c23c0fe4ea0e7730d9ecd6b3658a5)",
 "rustc-hash",
 "seq-macro",
]

[[package]]
name = "oxc_regular_expression"
version = "0.31.0"
source = "git+https://github.com/branchseer/oxc?branch=ast_alloc#7a44876d040c23c0fe4ea0e7730d9ecd6b3658a5"
dependencies = [
 "derive-where",
 "oxc_allocator 0.31.0 (git+https://github.com/branchseer/oxc?branch=ast_alloc)",
 "oxc_ast_macros 0.31.0 (git+https://github.com/branchseer/oxc?branch=ast_alloc)",
 "oxc_diagnostics 0.31.0 (git+https://github.com/branchseer/oxc?branch=ast_alloc)",
 "oxc_span 0.31.0 (git+https://github.com/branchseer/oxc?branch=ast_alloc)",
 "phf",
 "rustc-hash",
 "unicode-id-start",
]

[[package]]
name = "oxc_regular_expression"
version = "0.31.0"
source = "git+https://github.com/branchseer/oxc?rev=7a44876d040c23c0fe4ea0e7730d9ecd6b3658a5#7a44876d040c23c0fe4ea0e7730d9ecd6b3658a5"
dependencies = [
 "derive-where",
 "oxc_allocator 0.31.0 (git+https://github.com/branchseer/oxc?rev=7a44876d040c23c0fe4ea0e7730d9ecd6b3658a5)",
 "oxc_ast_macros 0.31.0 (git+https://github.com/branchseer/oxc?rev=7a44876d040c23c0fe4ea0e7730d9ecd6b3658a5)",
 "oxc_diagnostics 0.31.0 (git+https://github.com/branchseer/oxc?rev=7a44876d040c23c0fe4ea0e7730d9ecd6b3658a5)",
 "oxc_span 0.31.0 (git+https://github.com/branchseer/oxc?rev=7a44876d040c23c0fe4ea0e7730d9ecd6b3658a5)",
 "phf",
 "rustc-hash",
 "unicode-id-start",
]

[[package]]
name = "oxc_span"
version = "0.31.0"
source = "git+https://github.com/branchseer/oxc?branch=ast_alloc#7a44876d040c23c0fe4ea0e7730d9ecd6b3658a5"
dependencies = [
 "compact_str",
 "derive-where",
 "miette",
 "oxc_allocator 0.31.0 (git+https://github.com/branchseer/oxc?branch=ast_alloc)",
 "oxc_ast_macros 0.31.0 (git+https://github.com/branchseer/oxc?branch=ast_alloc)",
]

[[package]]
name = "oxc_span"
version = "0.31.0"
source = "git+https://github.com/branchseer/oxc?rev=7a44876d040c23c0fe4ea0e7730d9ecd6b3658a5#7a44876d040c23c0fe4ea0e7730d9ecd6b3658a5"
dependencies = [
 "compact_str",
 "derive-where",
 "miette",
 "oxc_allocator 0.31.0 (git+https://github.com/branchseer/oxc?rev=7a44876d040c23c0fe4ea0e7730d9ecd6b3658a5)",
 "oxc_ast_macros 0.31.0 (git+https://github.com/branchseer/oxc?rev=7a44876d040c23c0fe4ea0e7730d9ecd6b3658a5)",
]

[[package]]
name = "oxc_syntax"
version = "0.31.0"
source = "git+https://github.com/branchseer/oxc?branch=ast_alloc#7a44876d040c23c0fe4ea0e7730d9ecd6b3658a5"
dependencies = [
 "assert-unchecked",
 "bitflags",
 "dashmap",
 "nonmax",
 "oxc_allocator 0.31.0 (git+https://github.com/branchseer/oxc?branch=ast_alloc)",
 "oxc_ast_macros 0.31.0 (git+https://github.com/branchseer/oxc?branch=ast_alloc)",
 "oxc_index 0.31.0 (git+https://github.com/branchseer/oxc?branch=ast_alloc)",
 "oxc_span 0.31.0 (git+https://github.com/branchseer/oxc?branch=ast_alloc)",
 "phf",
 "rustc-hash",
 "ryu-js",
 "unicode-id-start",
]

[[package]]
name = "oxc_syntax"
version = "0.31.0"
source = "git+https://github.com/branchseer/oxc?rev=7a44876d040c23c0fe4ea0e7730d9ecd6b3658a5#7a44876d040c23c0fe4ea0e7730d9ecd6b3658a5"
dependencies = [
 "assert-unchecked",
 "bitflags",
 "dashmap",
 "nonmax",
 "oxc_allocator 0.31.0 (git+https://github.com/branchseer/oxc?rev=7a44876d040c23c0fe4ea0e7730d9ecd6b3658a5)",
 "oxc_ast_macros 0.31.0 (git+https://github.com/branchseer/oxc?rev=7a44876d040c23c0fe4ea0e7730d9ecd6b3658a5)",
 "oxc_index 0.31.0 (git+https://github.com/branchseer/oxc?rev=7a44876d040c23c0fe4ea0e7730d9ecd6b3658a5)",
 "oxc_span 0.31.0 (git+https://github.com/branchseer/oxc?rev=7a44876d040c23c0fe4ea0e7730d9ecd6b3658a5)",
 "phf",
 "rustc-hash",
 "ryu-js",
 "unicode-id-start",
]

[[package]]
name = "oxidase"
version = "0.1.0"
source = "git+https://github.com/branchseer/oxidase?rev=045ea46b604cee97c65f1eeac05dcdbc5eb0be25#045ea46b604cee97c65f1eeac05dcdbc5eb0be25"
dependencies = [
 "arraydeque",
 "arrayvec",
 "bumpalo",
 "copy_from_str",
 "derive_more",
 "ghost-cell",
 "hashbrown 0.14.5",
 "oxc_allocator 0.31.0 (git+https://github.com/branchseer/oxc?branch=ast_alloc)",
 "oxc_ast 0.31.0 (git+https://github.com/branchseer/oxc?branch=ast_alloc)",
 "oxc_data_structures",
 "oxc_diagnostics 0.31.0 (git+https://github.com/branchseer/oxc?branch=ast_alloc)",
 "oxc_index 0.31.0 (git+https://github.com/branchseer/oxc?branch=ast_alloc)",
 "oxc_parser 0.31.0 (git+https://github.com/branchseer/oxc?branch=ast_alloc)",
 "oxc_span 0.31.0 (git+https://github.com/branchseer/oxc?branch=ast_alloc)",
 "oxc_syntax 0.31.0 (git+https://github.com/branchseer/oxc?branch=ast_alloc)",
 "rustc-hash",
 "smallvec 2.0.0-alpha.12",
 "thiserror",
]

[[package]]
name = "parking_lot_core"
version = "0.9.12"
source = "registry+https://github.com/rust-lang/crates.io-index"
checksum = "2621685985a2ebf1c516881c026032ac7deafcda1a2c9b7850dc81e3dfcb64c1"
dependencies = [
 "cfg-if",
 "libc",
 "redox_syscall",
 "smallvec 1.15.1",
 "windows-link",
]

[[package]]
name = "phf"
version = "0.11.3"
source = "registry+https://github.com/rust-lang/crates.io-index"
checksum = "1fd6780a80ae0c52cc120a26a1a42c1ae51b247a253e4e06113d23d2c2edd078"
dependencies = [
 "phf_macros",
 "phf_shared",
]

[[package]]
name = "phf_generator"
version = "0.11.3"
source = "registry+https://github.com/rust-lang/crates.io-index"
checksum = "3c80231409c20246a13fddb31776fb942c38553c51e871f8cbd687a4cfb5843d"
dependencies = [
 "phf_shared",
 "rand",
]

[[package]]
name = "phf_macros"
version = "0.11.3"
source = "registry+https://github.com/rust-lang/crates.io-index"
checksum = "f84ac04429c13a7ff43785d75ad27569f2951ce0ffd30a3321230db2fc727216"
dependencies = [
 "phf_generator",
 "phf_shared",
 "proc-macro2",
 "quote",
 "syn",
]

[[package]]
name = "phf_shared"
version = "0.11.3"
source = "registry+https://github.com/rust-lang/crates.io-index"
checksum = "67eabc2ef2a60eb7faa00097bd1ffdb5bd28e62bf39990626a582201b7a754e5"
dependencies = [
 "siphasher",
]

[[package]]
name = "pin-project-lite"
version = "0.2.17"
source = "registry+https://github.com/rust-lang/crates.io-index"
checksum = "a89322df9ebe1c1578d689c92318e070967d1042b512afbe49518723f4e6d5cd"

[[package]]
name = "portable-atomic"
version = "1.13.1"
source = "registry+https://github.com/rust-lang/crates.io-index"
checksum = "c33a9471896f1c69cecef8d20cbe2f7accd12527ce60845ff44c153bb2a21b49"

[[package]]
name = "proc-macro2"
version = "1.0.106"
source = "registry+https://github.com/rust-lang/crates.io-index"
checksum = "8fd00f0bb2e90d81d1044c2b32617f68fcb9fa3bb7640c23e9c748e53fb30934"
dependencies = [
 "unicode-ident",
]

[[package]]
name = "pyo3"
version = "0.28.3"
source = "registry+https://github.com/rust-lang/crates.io-index"
checksum = "91fd8e38a3b50ed1167fb981cd6fd60147e091784c427b8f7183a7ee32c31c12"
dependencies = [
 "libc",
 "once_cell",
 "portable-atomic",
 "pyo3-build-config",
 "pyo3-ffi",
 "pyo3-macros",
]

[[package]]
name = "pyo3-build-config"
version = "0.28.3"
source = "registry+https://github.com/rust-lang/crates.io-index"
checksum = "e368e7ddfdeb98c9bca7f8383be1648fd84ab466bf2bc015e94008db6d35611e"
dependencies = [
 "target-lexicon",
]

[[package]]
name = "pyo3-ffi"
version = "0.28.3"
source = "registry+https://github.com/rust-lang/crates.io-index"
checksum = "7f29e10af80b1f7ccaf7f69eace800a03ecd13e883acfacc1e5d0988605f651e"
dependencies = [
 "libc",
 "pyo3-build-config",
]

[[package]]
name = "pyo3-macros"
version = "0.28.3"
source = "registry+https://github.com/rust-lang/crates.io-index"
checksum = "df6e520eff47c45997d2fc7dd8214b25dd1310918bbb2642156ef66a67f29813"
dependencies = [
 "proc-macro2",
 "pyo3-macros-backend",
 "quote",
 "syn",
]

[[package]]
name = "pyo3-macros-backend"
version = "0.28.3"
source = "registry+https://github.com/rust-lang/crates.io-index"
checksum = "c4cdc218d835738f81c2338f822078af45b4afdf8b2e33cbb5916f108b813acb"
dependencies = [
 "heck",
 "proc-macro2",
 "pyo3-build-config",
 "quote",
 "syn",
]

[[package]]
name = "quickjs-rs-python"
version = "0.1.0"
dependencies = [
 "oxc_allocator 0.31.0 (git+https://github.com/branchseer/oxc?rev=7a44876d040c23c0fe4ea0e7730d9ecd6b3658a5)",
 "oxc_ast 0.31.0 (git+https://github.com/branchseer/oxc?rev=7a44876d040c23c0fe4ea0e7730d9ecd6b3658a5)",
 "oxc_parser 0.31.0 (git+https://github.com/branchseer/oxc?rev=7a44876d040c23c0fe4ea0e7730d9ecd6b3658a5)",
 "oxc_span 0.31.0 (git+https://github.com/branchseer/oxc?rev=7a44876d040c23c0fe4ea0e7730d9ecd6b3658a5)",
 "oxidase",
 "pyo3",
 "rquickjs",
 "serde",
 "serde_json",
]

[[package]]
name = "quote"
version = "1.0.45"
source = "registry+https://github.com/rust-lang/crates.io-index"
checksum = "41f2619966050689382d2b44f664f4bc593e129785a36d6ee376ddf37259b924"
dependencies = [
 "proc-macro2",
]

[[package]]
name = "rand"
version = "0.8.6"
source = "registry+https://github.com/rust-lang/crates.io-index"
checksum = "5ca0ecfa931c29007047d1bc58e623ab12e5590e8c7cc53200d5202b69266d8a"
dependencies = [
 "rand_core",
]

[[package]]
name = "rand_core"
version = "0.6.4"
source = "registry+https://github.com/rust-lang/crates.io-index"
checksum = "ec0be4795e2f6a28069bec0b5ff3e2ac9bafc99e6a9a7dc3547996c5c816922c"

[[package]]
name = "redox_syscall"
version = "0.5.18"
source = "registry+https://github.com/rust-lang/crates.io-index"
checksum = "ed2bf2547551a7053d6fdfafda3f938979645c44812fbfcda098faae3f1a362d"
dependencies = [
 "bitflags",
]

[[package]]
name = "relative-path"
version = "2.0.1"
source = "registry+https://github.com/rust-lang/crates.io-index"
checksum = "bca40a312222d8ba74837cb474edef44b37f561da5f773981007a10bbaa992b0"
dependencies = [
 "serde",
]

[[package]]
name = "ropey"
version = "1.6.1"
source = "registry+https://github.com/rust-lang/crates.io-index"
checksum = "93411e420bcd1a75ddd1dc3caf18c23155eda2c090631a85af21ba19e97093b5"
dependencies = [
 "smallvec 1.15.1",
 "str_indices",
]

[[package]]
name = "rquickjs"
version = "0.11.0"
source = "registry+https://github.com/rust-lang/crates.io-index"
checksum = "c50dc6d6c587c339edb4769cf705867497a2baf0eca8b4645fa6ecd22f02c77a"
dependencies = [
 "rquickjs-core",
]

[[package]]
name = "rquickjs-core"
version = "0.11.0"
source = "registry+https://github.com/rust-lang/crates.io-index"
checksum = "b8bf7840285c321c3ab20e752a9afb95548c75cd7f4632a0627cea3507e310c1"
dependencies = [
 "async-lock",
 "hashbrown 0.16.1",
 "relative-path",
 "rquickjs-sys",
]

[[package]]
name = "rquickjs-sys"
version = "0.11.0"
source = "registry+https://github.com/rust-lang/crates.io-index"
checksum = "27344601ef27460e82d6a4e1ecb9e7e99f518122095f3c51296da8e9be2b9d83"
dependencies = [
 "cc",
]

[[package]]
name = "rustc-hash"
version = "2.1.2"
source = "registry+https://github.com/rust-lang/crates.io-index"
checksum = "94300abf3f1ae2e2b8ffb7b58043de3d399c73fa6f4b73826402a5c457614dbe"

[[package]]
name = "rustc_version"
version = "0.4.1"
source = "registry+https://github.com/rust-lang/crates.io-index"
checksum = "cfcb3a22ef46e85b45de6ee7e79d063319ebb6594faafcf1c225ea92ab6e9b92"
dependencies = [
 "semver",
]

[[package]]
name = "rustversion"
version = "1.0.22"
source = "registry+https://github.com/rust-lang/crates.io-index"
checksum = "b39cdef0fa800fc44525c84ccb54a029961a8215f9619753635a9c0d2538d46d"

[[package]]
name = "ryu"
version = "1.0.23"
source = "registry+https://github.com/rust-lang/crates.io-index"
checksum = "9774ba4a74de5f7b1c1451ed6cd5285a32eddb5cccb8cc655a4e50009e06477f"

[[package]]
name = "ryu-js"
version = "1.0.2"
source = "registry+https://github.com/rust-lang/crates.io-index"
checksum = "dd29631678d6fb0903b69223673e122c32e9ae559d0960a38d574695ebc0ea15"

[[package]]
name = "scopeguard"
version = "1.2.0"
source = "registry+https://github.com/rust-lang/crates.io-index"
checksum = "94143f37725109f92c262ed2cf5e59bce7498c01bcc1502d7b9afe439a4e9f49"

[[package]]
name = "semver"
version = "1.0.28"
source = "registry+https://github.com/rust-lang/crates.io-index"
checksum = "8a7852d02fc848982e0c167ef163aaff9cd91dc640ba85e263cb1ce46fae51cd"

[[package]]
name = "seq-macro"
version = "0.3.6"
source = "registry+https://github.com/rust-lang/crates.io-index"
checksum = "1bc711410fbe7399f390ca1c3b60ad0f53f80e95c5eb935e52268a0e2cd49acc"

[[package]]
name = "serde"
version = "1.0.228"
source = "registry+https://github.com/rust-lang/crates.io-index"
checksum = "9a8e94ea7f378bd32cbbd37198a4a91436180c5bb472411e48b5ec2e2124ae9e"
dependencies = [
 "serde_core",
 "serde_derive",
]

[[package]]
name = "serde_core"
version = "1.0.228"
source = "registry+https://github.com/rust-lang/crates.io-index"
checksum = "41d385c7d4ca58e59fc732af25c3983b67ac852c1a25000afe1175de458b67ad"
dependencies = [
 "serde_derive",
]

[[package]]
name = "serde_derive"
version = "1.0.228"
source = "registry+https://github.com/rust-lang/crates.io-index"
checksum = "d540f220d3187173da220f885ab66608367b6574e925011a9353e4badda91d79"
dependencies = [
 "proc-macro2",
 "quote",
 "syn",
]

[[package]]
name = "serde_json"
version = "1.0.149"
source = "registry+https://github.com/rust-lang/crates.io-index"
checksum = "83fc039473c5595ace860d8c4fafa220ff474b3fc6bfdb4293327f1a37e94d86"
dependencies = [
 "itoa",
 "memchr",
 "serde",
 "serde_core",
 "zmij",
]

[[package]]
name = "shlex"
version = "1.3.0"
source = "registry+https://github.com/rust-lang/crates.io-index"
checksum = "0fda2ff0d084019ba4d7c6f371c95d8fd75ce3524c3cb8fb653a3023f6323e64"

[[package]]
name = "siphasher"
version = "1.0.2"
source = "registry+https://github.com/rust-lang/crates.io-index"
checksum = "b2aa850e253778c88a04c3d7323b043aeda9d3e30d5971937c1855769763678e"

[[package]]
name = "smallvec"
version = "1.15.1"
source = "registry+https://github.com/rust-lang/crates.io-index"
checksum = "67b1b7a3b5fe4f1376887184045fcf45c69e92af734b7aaddc05fb777b6fbd03"

[[package]]
name = "smallvec"
version = "2.0.0-alpha.12"
source = "registry+https://github.com/rust-lang/crates.io-index"
checksum = "ef784004ca8777809dcdad6ac37629f0a97caee4c685fcea805278d81dd8b857"

[[package]]
name = "smawk"
version = "0.3.2"
source = "registry+https://github.com/rust-lang/crates.io-index"
checksum = "b7c388c1b5e93756d0c740965c41e8822f866621d41acbdf6336a6a168f8840c"

[[package]]
name = "static_assertions"
version = "1.1.0"
source = "registry+https://github.com/rust-lang/crates.io-index"
checksum = "a2eb9349b6444b326872e140eb1cf5e7c522154d69e7a0ffb0fb81c06b37543f"

[[package]]
name = "str_indices"
version = "0.4.4"
source = "registry+https://github.com/rust-lang/crates.io-index"
checksum = "d08889ec5408683408db66ad89e0e1f93dff55c73a4ccc71c427d5b277ee47e6"

[[package]]
name = "syn"
version = "2.0.117"
source = "registry+https://github.com/rust-lang/crates.io-index"
checksum = "e665b8803e7b1d2a727f4023456bbbbe74da67099c585258af0ad9c5013b9b99"
dependencies = [
 "proc-macro2",
 "quote",
 "unicode-ident",
]

[[package]]
name = "target-lexicon"
version = "0.13.5"
source = "registry+https://github.com/rust-lang/crates.io-index"
checksum = "adb6935a6f5c20170eeceb1a3835a49e12e19d792f6dd344ccc76a985ca5a6ca"

[[package]]
name = "textwrap"
version = "0.16.2"
source = "registry+https://github.com/rust-lang/crates.io-index"
checksum = "c13547615a44dc9c452a8a534638acdf07120d4b6847c8178705da06306a3057"
dependencies = [
 "smawk",
 "unicode-linebreak",
 "unicode-width 0.2.2",
]

[[package]]
name = "thiserror"
version = "1.0.69"
source = "registry+https://github.com/rust-lang/crates.io-index"
checksum = "b6aaf5339b578ea85b50e080feb250a3e8ae8cfcdff9a461c9ec2904bc923f52"
dependencies = [
 "thiserror-impl",
]

[[package]]
name = "thiserror-impl"
version = "1.0.69"
source = "registry+https://github.com/rust-lang/crates.io-index"
checksum = "4fee6c4efc90059e10f81e6d42c60a18f76588c3d74cb83a0b242a2b6c7504c1"
dependencies = [
 "proc-macro2",
 "quote",
 "syn",
]

[[package]]
name = "unicode-id-start"
version = "1.4.0"
source = "registry+https://github.com/rust-lang/crates.io-index"
checksum = "81b79ad29b5e19de4260020f8919b443b2ef0277d242ce532ec7b7a2cc8b6007"

[[package]]
name = "unicode-ident"
version = "1.0.24"
source = "registry+https://github.com/rust-lang/crates.io-index"
checksum = "e6e4313cd5fcd3dad5cafa179702e2b244f760991f45397d14d4ebf38247da75"

[[package]]
name = "unicode-linebreak"
version = "0.1.5"
source = "registry+https://github.com/rust-lang/crates.io-index"
checksum = "3b09c83c3c29d37506a3e260c08c03743a6bb66a9cd432c6934ab501a190571f"

[[package]]
name = "unicode-width"
version = "0.1.14"
source = "registry+https://github.com/rust-lang/crates.io-index"
checksum = "7dd6e30e90baa6f72411720665d41d89b9a3d039dc45b8faea1ddd07f617f6af"

[[package]]
name = "unicode-width"
version = "0.2.2"
source = "registry+https://github.com/rust-lang/crates.io-index"
checksum = "b4ac048d71ede7ee76d585517add45da530660ef4390e49b098733c6e897f254"

[[package]]
name = "version_check"
version = "0.9.5"
source = "registry+https://github.com/rust-lang/crates.io-index"
checksum = "0b928f33d975fc6ad9f86c8f283853ad26bdd5b10b7f1542aa2fa15e2289105a"

[[package]]
name = "windows-link"
version = "0.2.1"
source = "registry+https://github.com/rust-lang/crates.io-index"
checksum = "f0805222e57f7521d6a62e36fa9163bc891acd422f971defe97d64e70d0a4fe5"

[[package]]
name = "zerocopy"
version = "0.8.48"
source = "registry+https://github.com/rust-lang/crates.io-index"
checksum = "eed437bf9d6692032087e337407a86f04cd8d6a16a37199ed57949d415bd68e9"
dependencies = [
 "zerocopy-derive",
]

[[package]]
name = "zerocopy-derive"
version = "0.8.48"
source = "registry+https://github.com/rust-lang/crates.io-index"
checksum = "70e3cd084b1788766f53af483dd21f93881ff30d7320490ec3ef7526d203bad4"
dependencies = [
 "proc-macro2",
 "quote",
 "syn",
]

[[package]]
name = "zmij"
version = "1.0.21"
source = "registry+https://github.com/rust-lang/crates.io-index"
checksum = "b8848ee67ecc8aedbaf3e4122217aff892639231befc6a1b58d29fff4c2cabaa"
